// !$*UTF8*$!
{
	archiveVersion = 1;
	classes = {
	};
	objectVersion = 50;
	objects = {

/* Begin PBXBuildFile section */
		553223C125330C7D00130CD7 /* crmShugApp.swift in Sources */ = {isa = PBXBuildFile; fileRef = 553223C025330C7D00130CD7 /* crmShugApp.swift */; };
		553223C325330C7D00130CD7 /* ContentView.swift in Sources */ = {isa = PBXBuildFile; fileRef = 553223C225330C7D00130CD7 /* ContentView.swift */; };
		553223C525330C8000130CD7 /* Assets.xcassets in Resources */ = {isa = PBXBuildFile; fileRef = 553223C425330C8000130CD7 /* Assets.xcassets */; };
		553223C825330C8000130CD7 /* Preview Assets.xcassets in Resources */ = {isa = PBXBuildFile; fileRef = 553223C725330C8000130CD7 /* Preview Assets.xcassets */; };
		553223CD25330C8000130CD7 /* crmShug.xcdatamodeld in Sources */ = {isa = PBXBuildFile; fileRef = 553223CB25330C8000130CD7 /* crmShug.xcdatamodeld */; };
		5585B5312579222B0010B4BD /* CourseDataModel.swift in Sources */ = {isa = PBXBuildFile; fileRef = 5585B5302579222B0010B4BD /* CourseDataModel.swift */; };
		55C571A0259350B00048DF0C /* LoginFormView.swift in Sources */ = {isa = PBXBuildFile; fileRef = 55C5719F259350B00048DF0C /* LoginFormView.swift */; };
/* End PBXBuildFile section */

/* Begin PBXFileReference section */
		553223BD25330C7D00130CD7 /* crmShug.app */ = {isa = PBXFileReference; explicitFileType = wrapper.application; includeInIndex = 0; path = crmShug.app; sourceTree = BUILT_PRODUCTS_DIR; };
		553223C025330C7D00130CD7 /* crmShugApp.swift */ = {isa = PBXFileReference; lastKnownFileType = sourcecode.swift; path = crmShugApp.swift; sourceTree = "<group>"; };
		553223C225330C7D00130CD7 /* ContentView.swift */ = {isa = PBXFileReference; lastKnownFileType = sourcecode.swift; path = ContentView.swift; sourceTree = "<group>"; };
		553223C425330C8000130CD7 /* Assets.xcassets */ = {isa = PBXFileReference; lastKnownFileType = folder.assetcatalog; path = Assets.xcassets; sourceTree = "<group>"; };
		553223C725330C8000130CD7 /* Preview Assets.xcassets */ = {isa = PBXFileReference; lastKnownFileType = folder.assetcatalog; path = "Preview Assets.xcassets"; sourceTree = "<group>"; };
		553223CC25330C8000130CD7 /* crmShug.xcdatamodel */ = {isa = PBXFileReference; lastKnownFileType = wrapper.xcdatamodel; path = crmShug.xcdatamodel; sourceTree = "<group>"; };
		553223CE25330C8000130CD7 /* Info.plist */ = {isa = PBXFileReference; lastKnownFileType = text.plist.xml; path = Info.plist; sourceTree = "<group>"; };
		5585B5302579222B0010B4BD /* CourseDataModel.swift */ = {isa = PBXFileReference; lastKnownFileType = sourcecode.swift; path = CourseDataModel.swift; sourceTree = "<group>"; };
		55C5719F259350B00048DF0C /* LoginFormView.swift */ = {isa = PBXFileReference; lastKnownFileType = sourcecode.swift; path = LoginFormView.swift; sourceTree = "<group>"; };
/* End PBXFileReference section */

/* Begin PBXFrameworksBuildPhase section */
		553223BA25330C7D00130CD7 /* Frameworks */ = {
			isa = PBXFrameworksBuildPhase;
			buildActionMask = 2147483647;
			files = (
			);
			runOnlyForDeploymentPostprocessing = 0;
		};
/* End PBXFrameworksBuildPhase section */

/* Begin PBXGroup section */
		553223B425330C7C00130CD7 = {
			isa = PBXGroup;
			children = (
				553223BF25330C7D00130CD7 /* crmShug */,
				553223BE25330C7D00130CD7 /* Products */,
			);
			sourceTree = "<group>";
		};
		553223BE25330C7D00130CD7 /* Products */ = {
			isa = PBXGroup;
			children = (
				553223BD25330C7D00130CD7 /* crmShug.app */,
			);
			name = Products;
			sourceTree = "<group>";
		};
		553223BF25330C7D00130CD7 /* crmShug */ = {
			isa = PBXGroup;
			children = (
				55C5719E2593508D0048DF0C /* Views */,
				5585B52F257920EF0010B4BD /* ModelData */,
				553223C025330C7D00130CD7 /* crmShugApp.swift */,
				553223C225330C7D00130CD7 /* ContentView.swift */,
				553223C425330C8000130CD7 /* Assets.xcassets */,
				553223CE25330C8000130CD7 /* Info.plist */,
				553223CB25330C8000130CD7 /* crmShug.xcdatamodeld */,
				553223C625330C8000130CD7 /* Preview Content */,
			);
			path = crmShug;
			sourceTree = "<group>";
		};
		553223C625330C8000130CD7 /* Preview Content */ = {
			isa = PBXGroup;
			children = (
				553223C725330C8000130CD7 /* Preview Assets.xcassets */,
			);
			path = "Preview Content";
			sourceTree = "<group>";
		};
		5585B52F257920EF0010B4BD /* ModelData */ = {
			isa = PBXGroup;
			children = (
				5585B5302579222B0010B4BD /* CourseDataModel.swift */,
			);
			path = ModelData;
			sourceTree = "<group>";
		};
		55C5719E2593508D0048DF0C /* Views */ = {
			isa = PBXGroup;
			children = (
				55C5719F259350B00048DF0C /* LoginFormView.swift */,
			);
			path = Views;
			sourceTree = "<group>";
		};
/* End PBXGroup section */

/* Begin PBXNativeTarget section */
		553223BC25330C7D00130CD7 /* crmShug */ = {
			isa = PBXNativeTarget;
			buildConfigurationList = 553223D125330C8000130CD7 /* Build configuration list for PBXNativeTarget "crmShug" */;
			buildPhases = (
				553223B925330C7D00130CD7 /* Sources */,
				553223BA25330C7D00130CD7 /* Frameworks */,
				553223BB25330C7D00130CD7 /* Resources */,
			);
			buildRules = (
			);
			dependencies = (
			);
			name = crmShug;
			productName = crmShug;
			productReference = 553223BD25330C7D00130CD7 /* crmShug.app */;
			productType = "com.apple.product-type.application";
		};
/* End PBXNativeTarget section */

/* Begin PBXProject section */
		553223B525330C7C00130CD7 /* Project object */ = {
			isa = PBXProject;
			attributes = {
				LastSwiftUpdateCheck = 1200;
				LastUpgradeCheck = 1200;
				TargetAttributes = {
					553223BC25330C7D00130CD7 = {
						CreatedOnToolsVersion = 12.0.1;
					};
				};
			};
			buildConfigurationList = 553223B825330C7C00130CD7 /* Build configuration list for PBXProject "crmShug" */;
			compatibilityVersion = "Xcode 9.3";
			developmentRegion = en;
			hasScannedForEncodings = 0;
			knownRegions = (
				en,
				Base,
			);
			mainGroup = 553223B425330C7C00130CD7;
			productRefGroup = 553223BE25330C7D00130CD7 /* Products */;
			projectDirPath = "";
			projectRoot = "";
			targets = (
				553223BC25330C7D00130CD7 /* crmShug */,
			);
		};
/* End PBXProject section */

/* Begin PBXResourcesBuildPhase section */
		553223BB25330C7D00130CD7 /* Resources */ = {
			isa = PBXResourcesBuildPhase;
			buildActionMask = 2147483647;
			files = (
				553223C825330C8000130CD7 /* Preview Assets.xcassets in Resources */,
				553223C525330C8000130CD7 /* Assets.xcassets in Resources */,
			);
			runOnlyForDeploymentPostprocessing = 0;
		};
/* End PBXResourcesBuildPhase section */

/* Begin PBXSourcesBuildPhase section */
		553223B925330C7D00130CD7 /* Sources */ = {
			isa = PBXSourcesBuildPhase;
			buildActionMask = 2147483647;
			files = (
				5585B5312579222B0010B4BD /* CourseDataModel.swift in Sources */,
				553223CD25330C8000130CD7 /* crmShug.xcdatamodeld in Sources */,
				55C571A0259350B00048DF0C /* LoginFormView.swift in Sources */,
				553223C325330C7D00130CD7 /* ContentView.swift in Sources */,
				553223C125330C7D00130CD7 /* crmShugApp.swift in Sources */,
			);
			runOnlyForDeploymentPostprocessing = 0;
		};
/* End PBXSourcesBuildPhase section */

/* Begin XCBuildConfiguration section */
		553223CF25330C8000130CD7 /* Debug */ = {
			isa = XCBuildConfiguration;
			buildSettings = {
				ALWAYS_SEARCH_USER_PATHS = NO;
				CLANG_ANALYZER_NONNULL = YES;
				CLANG_ANALYZER_NUMBER_OBJECT_CONVERSION = YES_AGGRESSIVE;
				CLANG_CXX_LANGUAGE_STANDARD = "gnu++14";
				CLANG_CXX_LIBRARY = "libc++";
				CLANG_ENABLE_MODULES = YES;
				CLANG_ENABLE_OBJC_ARC = YES;
				CLANG_ENABLE_OBJC_WEAK = YES;
				CLANG_WARN_BLOCK_CAPTURE_AUTORELEASING = YES;
				CLANG_WARN_BOOL_CONVERSION = YES;
				CLANG_WARN_COMMA = YES;
				CLANG_WARN_CONSTANT_CONVERSION = YES;
				CLANG_WARN_DEPRECATED_OBJC_IMPLEMENTATIONS = YES;
				CLANG_WARN_DIRECT_OBJC_ISA_USAGE = YES_ERROR;
				CLANG_WARN_DOCUMENTATION_COMMENTS = YES;
				CLANG_WARN_EMPTY_BODY = YES;
				CLANG_WARN_ENUM_CONVERSION = YES;
				CLANG_WARN_INFINITE_RECURSION = YES;
				CLANG_WARN_INT_CONVERSION = YES;
				CLANG_WARN_NON_LITERAL_NULL_CONVERSION = YES;
				CLANG_WARN_OBJC_IMPLICIT_RETAIN_SELF = YES;
				CLANG_WARN_OBJC_LITERAL_CONVERSION = YES;
				CLANG_WARN_OBJC_ROOT_CLASS = YES_ERROR;
				CLANG_WARN_QUOTED_INCLUDE_IN_FRAMEWORK_HEADER = YES;
				CLANG_WARN_RANGE_LOOP_ANALYSIS = YES;
				CLANG_WARN_STRICT_PROTOTYPES = YES;
				CLANG_WARN_SUSPICIOUS_MOVE = YES;
				CLANG_WARN_UNGUARDED_AVAILABILITY = YES_AGGRESSIVE;
				CLANG_WARN_UNREACHABLE_CODE = YES;
				CLANG_WARN__DUPLICATE_METHOD_MATCH = YES;
				COPY_PHASE_STRIP = NO;
				DEBUG_INFORMATION_FORMAT = dwarf;
				ENABLE_STRICT_OBJC_MSGSEND = YES;
				ENABLE_TESTABILITY = YES;
				GCC_C_LANGUAGE_STANDARD = gnu11;
				GCC_DYNAMIC_NO_PIC = NO;
				GCC_NO_COMMON_BLOCKS = YES;
				GCC_OPTIMIZATION_LEVEL = 0;
				GCC_PREPROCESSOR_DEFINITIONS = (
					"DEBUG=1",
					"$(inherited)",
				);
				GCC_WARN_64_TO_32_BIT_CONVERSION = YES;
				GCC_WARN_ABOUT_RETURN_TYPE = YES_ERROR;
				GCC_WARN_UNDECLARED_SELECTOR = YES;
				GCC_WARN_UNINITIALIZED_AUTOS = YES_AGGRESSIVE;
				GCC_WARN_UNUSED_FUNCTION = YES;
				GCC_WARN_UNUSED_VARIABLE = YES;
				IPHONEOS_DEPLOYMENT_TARGET = 14.0;
				MTL_ENABLE_DEBUG_INFO = INCLUDE_SOURCE;
				MTL_FAST_MATH = YES;
				ONLY_ACTIVE_ARCH = YES;
				SDKROOT = iphoneos;
				SWIFT_ACTIVE_COMPILATION_CONDITIONS = DEBUG;
				SWIFT_OPTIMIZATION_LEVEL = "-Onone";
			};
			name = Debug;
		};
		553223D025330C8000130CD7 /* Release */ = {
			isa = XCBuildConfiguration;
			buildSettings = {
				ALWAYS_SEARCH_USER_PATHS = NO;
				CLANG_ANALYZER_NONNULL = YES;
				CLANG_ANALYZER_NUMBER_OBJECT_CONVERSION = YES_AGGRESSIVE;
				CLANG_CXX_LANGUAGE_STANDARD = "gnu++14";
				CLANG_CXX_LIBRARY = "libc++";
				CLANG_ENABLE_MODULES = YES;
				CLANG_ENABLE_OBJC_ARC = YES;
				CLANG_ENABLE_OBJC_WEAK = YES;
				CLANG_WARN_BLOCK_CAPTURE_AUTORELEASING = YES;
				CLANG_WARN_BOOL_CONVERSION = YES;
				CLANG_WARN_COMMA = YES;
				CLANG_WARN_CONSTANT_CONVERSION = YES;
				CLANG_WARN_DEPRECATED_OBJC_IMPLEMENTATIONS = YES;
				CLANG_WARN_DIRECT_OBJC_ISA_USAGE = YES_ERROR;
				CLANG_WARN_DOCUMENTATION_COMMENTS = YES;
				CLANG_WARN_EMPTY_BODY = YES;
				CLANG_WARN_ENUM_CONVERSION = YES;
				CLANG_WARN_INFINITE_RECURSION = YES;
				CLANG_WARN_INT_CONVERSION = YES;
				CLANG_WARN_NON_LITERAL_NULL_CONVERSION = YES;
				CLANG_WARN_OBJC_IMPLICIT_RETAIN_SELF = YES;
				CLANG_WARN_OBJC_LITERAL_CONVERSION = YES;
				CLANG_WARN_OBJC_ROOT_CLASS = YES_ERROR;
				CLANG_WARN_QUOTED_INCLUDE_IN_FRAMEWORK_HEADER = YES;
				CLANG_WARN_RANGE_LOOP_ANALYSIS = YES;
				CLANG_WARN_STRICT_PROTOTYPES = YES;
				CLANG_WARN_SUSPICIOUS_MOVE = YES;
				CLANG_WARN_UNGUARDED_AVAILABILITY = YES_AGGRESSIVE;
				CLANG_WARN_UNREACHABLE_CODE = YES;
				CLANG_WARN__DUPLICATE_METHOD_MATCH = YES;
				COPY_PHASE_STRIP = NO;
				DEBUG_INFORMATION_FORMAT = "dwarf-with-dsym";
				ENABLE_NS_ASSERTIONS = NO;
				ENABLE_STRICT_OBJC_MSGSEND = YES;
				GCC_C_LANGUAGE_STANDARD = gnu11;
				GCC_NO_COMMON_BLOCKS = YES;
				GCC_WARN_64_TO_32_BIT_CONVERSION = YES;
				GCC_WARN_ABOUT_RETURN_TYPE = YES_ERROR;
				GCC_WARN_UNDECLARED_SELECTOR = YES;
				GCC_WARN_UNINITIALIZED_AUTOS = YES_AGGRESSIVE;
				GCC_WARN_UNUSED_FUNCTION = YES;
				GCC_WARN_UNUSED_VARIABLE = YES;
				IPHONEOS_DEPLOYMENT_TARGET = 14.0;
				MTL_ENABLE_DEBUG_INFO = NO;
				MTL_FAST_MATH = YES;
				SDKROOT = iphoneos;
				SWIFT_COMPILATION_MODE = wholemodule;
				SWIFT_OPTIMIZATION_LEVEL = "-O";
				VALIDATE_PRODUCT = YES;
			};
			name = Release;
		};
		553223D225330C8000130CD7 /* Debug */ = {
			isa = XCBuildConfiguration;
			buildSettings = {
				ASSETCATALOG_COMPILER_APPICON_NAME = AppIcon;
				ASSETCATALOG_COMPILER_GLOBAL_ACCENT_COLOR_NAME = AccentColor;
				CODE_SIGN_STYLE = Automatic;
				DEVELOPMENT_ASSET_PATHS = "\"crmShug/Preview Content\"";
				DEVELOPMENT_TEAM = TA2UAPFU92;
				ENABLE_PREVIEWS = YES;
				INFOPLIST_FILE = crmShug/Info.plist;
				IPHONEOS_DEPLOYMENT_TARGET = 14.0;
				LD_RUNPATH_SEARCH_PATHS = (
					"$(inherited)",
					"@executable_path/Frameworks",
				);
				PRODUCT_BUNDLE_IDENTIFIER = ababichdev.crmShug;
				PRODUCT_NAME = "$(TARGET_NAME)";
				SWIFT_VERSION = 5.0;
				TARGETED_DEVICE_FAMILY = "1,2";
			};
			name = Debug;
		};
		553223D325330C8000130CD7 /* Release */ = {
			isa = XCBuildConfiguration;
			buildSettings = {
				ASSETCATALOG_COMPILER_APPICON_NAME = AppIcon;
				ASSETCATALOG_COMPILER_GLOBAL_ACCENT_COLOR_NAME = AccentColor;
				CODE_SIGN_STYLE = Automatic;
				DEVELOPMENT_ASSET_PATHS = "\"crmShug/Preview Content\"";
				DEVELOPMENT_TEAM = TA2UAPFU92;
				ENABLE_PREVIEWS = YES;
				INFOPLIST_FILE = crmShug/Info.plist;
				IPHONEOS_DEPLOYMENT_TARGET = 14.0;
				LD_RUNPATH_SEARCH_PATHS = (
					"$(inherited)",
					"@executable_path/Frameworks",
				);
				PRODUCT_BUNDLE_IDENTIFIER = ababichdev.crmShug;
				PRODUCT_NAME = "$(TARGET_NAME)";
				SWIFT_VERSION = 5.0;
				TARGETED_DEVICE_FAMILY = "1,2";
			};
			name = Release;
		};
/* End XCBuildConfiguration section */

/* Begin XCConfigurationList section */
		553223B825330C7C00130CD7 /* Build configuration list for PBXProject "crmShug" */ = {
			isa = XCConfigurationList;
			buildConfigurations = (
				553223CF25330C8000130CD7 /* Debug */,
				553223D025330C8000130CD7 /* Release */,
			);
			defaultConfigurationIsVisible = 0;
			defaultConfigurationName = Release;
		};
		553223D125330C8000130CD7 /* Build configuration list for PBXNativeTarget "crmShug" */ = {
			isa = XCConfigurationList;
			buildConfigurations = (
				553223D225330C8000130CD7 /* Debug */,
				553223D325330C8000130CD7 /* Release */,
			);
			defaultConfigurationIsVisible = 0;
			defaultConfigurationName = Release;
		};
/* End XCConfigurationList section */

/* Begin XCVersionGroup section */
		553223CB25330C8000130CD7 /* crmShug.xcdatamodeld */ = {
			isa = XCVersionGroup;
			children = (
				553223CC25330C8000130CD7 /* crmShug.xcdatamodel */,
			);
			currentVersion = 553223CC25330C8000130CD7 /* crmShug.xcdatamodel */;
			path = crmShug.xcdatamodeld;
			sourceTree = "<group>";
			versionGroupType = wrapper.xcdatamodel;
		};
/* End XCVersionGroup section */
	};
	rootObject = 553223B525330C7C00130CD7 /* Project object */;
}
